# Code generated by scarb DO NOT EDIT.
version = 1

[[package]]
name = "integrity"
version = "2.1.0"
source = "git+https://github.com/HerodotusDev/integrity.git?tag=v2.1.0#331bd29a437452f5321bc5c6d31cdb13b649929b"

[[package]]
name = "obsqra_contracts"
version = "0.1.0"
dependencies = [
 "integrity",
 "snforge_std",
]

[[package]]
name = "snforge_scarb_plugin"
version = "0.53.0"
source = "git+https://github.com/foundry-rs/starknet-foundry.git?tag=v0.53.0#c953d8695197843ed5b69705613733c4d7a1b1eb"

[[package]]
name = "snforge_std"
version = "0.53.0"
source = "git+https://github.com/foundry-rs/starknet-foundry.git?tag=v0.53.0#c953d8695197843ed5b69705613733c4d7a1b1eb"
dependencies = [
 "snforge_scarb_plugin",
]
